
Microsoft Visual Studio Solution File, Format Version 11.00
# Visual Studio 2010
Project("{FAE04EC0-301F-11D3-BF4B-00C04F79EFBC}") = "Assembly-CSharp", "Assembly-CSharp.csproj", "{FF0F6A47-E814-6D06-888D-DA04276966CE}"
EndProject
Project("{FAE04EC0-301F-11D3-BF4B-00C04F79EFBC}") = "Oculus.VR", "Oculus.VR.csproj", "{78607372-4E0C-04EA-3CDC-B767EF903B15}"
EndProject
Project("{FAE04EC0-301F-11D3-BF4B-00C04F79EFBC}") = "Assembly-CSharp-Editor", "Assembly-CSharp-Editor.csproj", "{C117D231-FAE1-C71A-5644-7E64B0A60E1E}"
EndProject
Project("{FAE04EC0-301F-11D3-BF4B-00C04F79EFBC}") = "Oculus.VR.Scripts.Editor", "Oculus.VR.Scripts.Editor.csproj", "{82CE8C36-E067-88D8-884D-7C24BF4BC2F4}"
EndProject
Project("{FAE04EC0-301F-11D3-BF4B-00C04F79EFBC}") = "Oculus.VR.Editor", "Oculus.VR.Editor.csproj", "{7DFF1066-4CE8-A804-02CA-C3BC280428A9}"
EndProject
Global
	GlobalSection(SolutionConfigurationPlatforms) = preSolution
		Debug|Any CPU = Debug|Any CPU
		Release|Any CPU = Release|Any CPU
	EndGlobalSection
	GlobalSection(ProjectConfigurationPlatforms) = postSolution
		{FF0F6A47-E814-6D06-888D-DA04276966CE}.Debug|Any CPU.ActiveCfg = Debug|Any CPU
		{FF0F6A47-E814-6D06-888D-DA04276966CE}.Debug|Any CPU.Build.0 = Debug|Any CPU
		{FF0F6A47-E814-6D06-888D-DA04276966CE}.Release|Any CPU.ActiveCfg = Release|Any CPU
		{FF0F6A47-E814-6D06-888D-DA04276966CE}.Release|Any CPU.Build.0 = Release|Any CPU
		{78607372-4E0C-04EA-3CDC-B767EF903B15}.Debug|Any CPU.ActiveCfg = Debug|Any CPU
		{78607372-4E0C-04EA-3CDC-B767EF903B15}.Debug|Any CPU.Build.0 = Debug|Any CPU
		{78607372-4E0C-04EA-3CDC-B767EF903B15}.Release|Any CPU.ActiveCfg = Release|Any CPU
		{78607372-4E0C-04EA-3CDC-B767EF903B15}.Release|Any CPU.Build.0 = Release|Any CPU
		{C117D231-FAE1-C71A-5644-7E64B0A60E1E}.Debug|Any CPU.ActiveCfg = Debug|Any CPU
		{C117D231-FAE1-C71A-5644-7E64B0A60E1E}.Debug|Any CPU.Build.0 = Debug|Any CPU
		{C117D231-FAE1-C71A-5644-7E64B0A60E1E}.Release|Any CPU.ActiveCfg = Release|Any CPU
		{C117D231-FAE1-C71A-5644-7E64B0A60E1E}.Release|Any CPU.Build.0 = Release|Any CPU
		{82CE8C36-E067-88D8-884D-7C24BF4BC2F4}.Debug|Any CPU.ActiveCfg = Debug|Any CPU
		{82CE8C36-E067-88D8-884D-7C24BF4BC2F4}.Debug|Any CPU.Build.0 = Debug|Any CPU
		{82CE8C36-E067-88D8-884D-7C24BF4BC2F4}.Release|Any CPU.ActiveCfg = Release|Any CPU
		{82CE8C36-E067-88D8-884D-7C24BF4BC2F4}.Release|Any CPU.Build.0 = Release|Any CPU
		{7DFF1066-4CE8-A804-02CA-C3BC280428A9}.Debug|Any CPU.ActiveCfg = Debug|Any CPU
		{7DFF1066-4CE8-A804-02CA-C3BC280428A9}.Debug|Any CPU.Build.0 = Debug|Any CPU
		{7DFF1066-4CE8-A804-02CA-C3BC280428A9}.Release|Any CPU.ActiveCfg = Release|Any CPU
		{7DFF1066-4CE8-A804-02CA-C3BC280428A9}.Release|Any CPU.Build.0 = Release|Any CPU
	EndGlobalSection
	GlobalSection(SolutionProperties) = preSolution
		HideSolutionNode = FALSE
	EndGlobalSection
EndGlobal
