
Microsoft Visual Studio Solution File, Format Version 11.00
# Visual Studio 2010
Project("{FAE04EC0-301F-11D3-BF4B-00C04F79EFBC}") = "Assembly-CSharp", "Assembly-CSharp.csproj", "{7bd1cd32-ba4b-e11a-b390-1a1f8d0445c8}"
EndProject
Project("{FAE04EC0-301F-11D3-BF4B-00C04F79EFBC}") = "Oculus.VR", "Oculus.VR.csproj", "{3d40f607-d133-5f32-f561-93aa40a85236}"
EndProject
Project("{FAE04EC0-301F-11D3-BF4B-00C04F79EFBC}") = "Assembly-CSharp-Editor", "Assembly-CSharp-Editor.csproj", "{a6530191-5d96-6352-41c8-3469f16d1878}"
EndProject
Project("{FAE04EC0-301F-11D3-BF4B-00C04F79EFBC}") = "Oculus.VR.Scripts.Editor", "Oculus.VR.Scripts.Editor.csproj", "{7b40b615-e91f-f5e6-33bc-29bb6198c67c}"
EndProject
Project("{FAE04EC0-301F-11D3-BF4B-00C04F79EFBC}") = "Oculus.VR.Editor", "Oculus.VR.Editor.csproj", "{c6369ac8-3a91-c7fc-1738-4394b214903e}"
EndProject
Global
	GlobalSection(SolutionConfigurationPlatforms) = preSolution
		Debug|Any CPU = Debug|Any CPU
		Release|Any CPU = Release|Any CPU
	EndGlobalSection
	GlobalSection(ProjectConfigurationPlatforms) = postSolution
		{7bd1cd32-ba4b-e11a-b390-1a1f8d0445c8}.Debug|Any CPU.ActiveCfg = Debug|Any CPU
		{7bd1cd32-ba4b-e11a-b390-1a1f8d0445c8}.Debug|Any CPU.Build.0 = Debug|Any CPU
		{7bd1cd32-ba4b-e11a-b390-1a1f8d0445c8}.Release|Any CPU.ActiveCfg = Release|Any CPU
		{7bd1cd32-ba4b-e11a-b390-1a1f8d0445c8}.Release|Any CPU.Build.0 = Release|Any CPU
		{3d40f607-d133-5f32-f561-93aa40a85236}.Debug|Any CPU.ActiveCfg = Debug|Any CPU
		{3d40f607-d133-5f32-f561-93aa40a85236}.Debug|Any CPU.Build.0 = Debug|Any CPU
		{3d40f607-d133-5f32-f561-93aa40a85236}.Release|Any CPU.ActiveCfg = Release|Any CPU
		{3d40f607-d133-5f32-f561-93aa40a85236}.Release|Any CPU.Build.0 = Release|Any CPU
		{a6530191-5d96-6352-41c8-3469f16d1878}.Debug|Any CPU.ActiveCfg = Debug|Any CPU
		{a6530191-5d96-6352-41c8-3469f16d1878}.Debug|Any CPU.Build.0 = Debug|Any CPU
		{a6530191-5d96-6352-41c8-3469f16d1878}.Release|Any CPU.ActiveCfg = Release|Any CPU
		{a6530191-5d96-6352-41c8-3469f16d1878}.Release|Any CPU.Build.0 = Release|Any CPU
		{7b40b615-e91f-f5e6-33bc-29bb6198c67c}.Debug|Any CPU.ActiveCfg = Debug|Any CPU
		{7b40b615-e91f-f5e6-33bc-29bb6198c67c}.Debug|Any CPU.Build.0 = Debug|Any CPU
		{7b40b615-e91f-f5e6-33bc-29bb6198c67c}.Release|Any CPU.ActiveCfg = Release|Any CPU
		{7b40b615-e91f-f5e6-33bc-29bb6198c67c}.Release|Any CPU.Build.0 = Release|Any CPU
		{c6369ac8-3a91-c7fc-1738-4394b214903e}.Debug|Any CPU.ActiveCfg = Debug|Any CPU
		{c6369ac8-3a91-c7fc-1738-4394b214903e}.Debug|Any CPU.Build.0 = Debug|Any CPU
		{c6369ac8-3a91-c7fc-1738-4394b214903e}.Release|Any CPU.ActiveCfg = Release|Any CPU
		{c6369ac8-3a91-c7fc-1738-4394b214903e}.Release|Any CPU.Build.0 = Release|Any CPU
	EndGlobalSection
	GlobalSection(SolutionProperties) = preSolution
		HideSolutionNode = FALSE
	EndGlobalSection
EndGlobal
